
Microsoft Visual Studio Solution File, Format Version 12.00
# Visual Studio Version 17
VisualStudioVersion = 17.4.33110.190
MinimumVisualStudioVersion = 10.0.40219.1
Project("{9A19103F-16F7-4668-BE54-9A1E7A4F7556}") = "AbibimanPublishingBooks", "AbibimanPublishingBooks\AbibimanPublishingBooks.csproj", "{902F644A-B85C-4E1E-937F-48141AD9F765}"
EndProject
Project("{FAE04EC0-301F-11D3-BF4B-00C04F79EFBC}") = "AbibimanPublishingRazor_Temp", "AbibimanPublishingRazor_Temp\AbibimanPublishingRazor_Temp.csproj", "{125C213D-D96B-4379-A4FD-2737AC3D8DE2}"
EndProject
Project("{FAE04EC0-301F-11D3-BF4B-00C04F79EFBC}") = "Abibiman.DataAccess", "Abibiman.DataAccess\Abibiman.DataAccess.csproj", "{7CE30E7D-D5BA-4F66-84A6-A1DA199FA85C}"
EndProject
Project("{FAE04EC0-301F-11D3-BF4B-00C04F79EFBC}") = "Abibiman.Models", "Abibiman.Models\Abibiman.Models.csproj", "{645876C0-61E3-4C87-920F-3915F9EBED89}"
EndProject
Project("{FAE04EC0-301F-11D3-BF4B-00C04F79EFBC}") = "Abibiman.Utility", "Abibiman.Utility\Abibiman.Utility.csproj", "{10584B83-1672-4C42-A862-728E4D4C8C2F}"
EndProject
Global
	GlobalSection(SolutionConfigurationPlatforms) = preSolution
		Debug|Any CPU = Debug|Any CPU
		Release|Any CPU = Release|Any CPU
	EndGlobalSection
	GlobalSection(ProjectConfigurationPlatforms) = postSolution
		{902F644A-B85C-4E1E-937F-48141AD9F765}.Debug|Any CPU.ActiveCfg = Debug|Any CPU
		{902F644A-B85C-4E1E-937F-48141AD9F765}.Debug|Any CPU.Build.0 = Debug|Any CPU
		{902F644A-B85C-4E1E-937F-48141AD9F765}.Release|Any CPU.ActiveCfg = Release|Any CPU
		{902F644A-B85C-4E1E-937F-48141AD9F765}.Release|Any CPU.Build.0 = Release|Any CPU
		{125C213D-D96B-4379-A4FD-2737AC3D8DE2}.Debug|Any CPU.ActiveCfg = Debug|Any CPU
		{125C213D-D96B-4379-A4FD-2737AC3D8DE2}.Debug|Any CPU.Build.0 = Debug|Any CPU
		{125C213D-D96B-4379-A4FD-2737AC3D8DE2}.Release|Any CPU.ActiveCfg = Release|Any CPU
		{125C213D-D96B-4379-A4FD-2737AC3D8DE2}.Release|Any CPU.Build.0 = Release|Any CPU
		{7CE30E7D-D5BA-4F66-84A6-A1DA199FA85C}.Debug|Any CPU.ActiveCfg = Debug|Any CPU
		{7CE30E7D-D5BA-4F66-84A6-A1DA199FA85C}.Debug|Any CPU.Build.0 = Debug|Any CPU
		{7CE30E7D-D5BA-4F66-84A6-A1DA199FA85C}.Release|Any CPU.ActiveCfg = Release|Any CPU
		{7CE30E7D-D5BA-4F66-84A6-A1DA199FA85C}.Release|Any CPU.Build.0 = Release|Any CPU
		{645876C0-61E3-4C87-920F-3915F9EBED89}.Debug|Any CPU.ActiveCfg = Debug|Any CPU
		{645876C0-61E3-4C87-920F-3915F9EBED89}.Debug|Any CPU.Build.0 = Debug|Any CPU
		{645876C0-61E3-4C87-920F-3915F9EBED89}.Release|Any CPU.ActiveCfg = Release|Any CPU
		{645876C0-61E3-4C87-920F-3915F9EBED89}.Release|Any CPU.Build.0 = Release|Any CPU
		{10584B83-1672-4C42-A862-728E4D4C8C2F}.Debug|Any CPU.ActiveCfg = Debug|Any CPU
		{10584B83-1672-4C42-A862-728E4D4C8C2F}.Debug|Any CPU.Build.0 = Debug|Any CPU
		{10584B83-1672-4C42-A862-728E4D4C8C2F}.Release|Any CPU.ActiveCfg = Release|Any CPU
		{10584B83-1672-4C42-A862-728E4D4C8C2F}.Release|Any CPU.Build.0 = Release|Any CPU
	EndGlobalSection
	GlobalSection(SolutionProperties) = preSolution
		HideSolutionNode = FALSE
	EndGlobalSection
	GlobalSection(ExtensibilityGlobals) = postSolution
		SolutionGuid = {D23D872D-A95B-4C3B-B5C7-F6BFDD71C432}
	EndGlobalSection
EndGlobal
